
Microsoft Visual Studio Solution File, Format Version 12.00
# Visual Studio 15
VisualStudioVersion = 15.0.28307.271
MinimumVisualStudioVersion = 10.0.40219.1
Project("{FAE04EC0-301F-11D3-BF4B-00C04F79EFBC}") = "EHM.Core", "EHM.Core\EHM.Core.csproj", "{84CAEC1C-6A61-4FCD-9666-F0B48EDB8904}"
EndProject
Global
	GlobalSection(SolutionConfigurationPlatforms) = preSolution
		Debug|Any CPU = Debug|Any CPU
		Release|Any CPU = Release|Any CPU
	EndGlobalSection
	GlobalSection(ProjectConfigurationPlatforms) = postSolution
		{84CAEC1C-6A61-4FCD-9666-F0B48EDB8904}.Debug|Any CPU.ActiveCfg = Debug|Any CPU
		{84CAEC1C-6A61-4FCD-9666-F0B48EDB8904}.Debug|Any CPU.Build.0 = Debug|Any CPU
		{84CAEC1C-6A61-4FCD-9666-F0B48EDB8904}.Release|Any CPU.ActiveCfg = Release|Any CPU
		{84CAEC1C-6A61-4FCD-9666-F0B48EDB8904}.Release|Any CPU.Build.0 = Release|Any CPU
	EndGlobalSection
	GlobalSection(SolutionProperties) = preSolution
		HideSolutionNode = FALSE
	EndGlobalSection
	GlobalSection(ExtensibilityGlobals) = postSolution
		SolutionGuid = {FF09EF08-D8BD-457E-AB13-64CBF5B27645}
	EndGlobalSection
EndGlobal
